{
  "nodes": {
    "blst": {
      "flake": false,
      "locked": {
        "lastModified": 1739372843,
        "narHash": "sha256-IlbNMLBjs/dvGogcdbWQIL+3qwy7EXJbIDpo4xBd4bY=",
        "owner": "supranational",
        "repo": "blst",
        "rev": "8c7db7fe8d2ce6e76dc398ebd4d475c0ec564355",
        "type": "github"
      },
      "original": {
        "owner": "supranational",
        "ref": "v0.3.14",
        "repo": "blst",
        "type": "github"
      }
    },
    "blst_2": {
      "flake": false,
      "locked": {
        "lastModified": 1739372843,
        "narHash": "sha256-IlbNMLBjs/dvGogcdbWQIL+3qwy7EXJbIDpo4xBd4bY=",
        "owner": "supranational",
        "repo": "blst",
        "rev": "8c7db7fe8d2ce6e76dc398ebd4d475c0ec564355",
        "type": "github"
      },
      "original": {
        "owner": "supranational",
        "ref": "v0.3.14",
        "repo": "blst",
        "type": "github"
      }
    },
    "flake-compat": {
      "locked": {
        "lastModified": 1733328505,
        "narHash": "sha256-NeCCThCEP3eCl2l/+27kNNK7QrwZB1IJCrXfrbv5oqU=",
        "owner": "edolstra",
        "repo": "flake-compat",
        "rev": "ff81ac966bb2cae68946d5ed5fc4994f96d0ffec",
        "type": "github"
      },
      "original": {
        "owner": "edolstra",
        "repo": "flake-compat",
        "type": "github"
      }
    },
    "flake-compat_2": {
      "flake": false,
      "locked": {
        "lastModified": 1696426674,
        "narHash": "sha256-kvjfFW7WAETZlt09AgDn1MrtKzP7t90Vf7vypd3OL1U=",
        "owner": "edolstra",
        "repo": "flake-compat",
        "rev": "0f9255e01c2351cc7d116c072cb317785dd33b33",
        "type": "github"
      },
      "original": {
        "owner": "edolstra",
        "repo": "flake-compat",
        "type": "github"
      }
    },
    "flake-parts": {
      "inputs": {
        "nixpkgs-lib": "nixpkgs-lib"
      },
      "locked": {
        "lastModified": 1759362264,
        "narHash": "sha256-wfG0S7pltlYyZTM+qqlhJ7GMw2fTF4mLKCIVhLii/4M=",
        "owner": "hercules-ci",
        "repo": "flake-parts",
        "rev": "758cf7296bee11f1706a574c77d072b8a7baa881",
        "type": "github"
      },
      "original": {
        "owner": "hercules-ci",
        "repo": "flake-parts",
        "type": "github"
      }
    },
    "flake-parts_10": {
      "inputs": {
        "nixpkgs-lib": "nixpkgs-lib_10"
      },
      "locked": {
        "lastModified": 1743550720,
        "narHash": "sha256-hIshGgKZCgWh6AYJpJmRgFdR3WUbkY04o82X05xqQiY=",
        "owner": "hercules-ci",
        "repo": "flake-parts",
        "rev": "c621e8422220273271f52058f618c94e405bb0f5",
        "type": "github"
      },
      "original": {
        "owner": "hercules-ci",
        "repo": "flake-parts",
        "type": "github"
      }
    },
    "flake-parts_2": {
      "inputs": {
        "nixpkgs-lib": "nixpkgs-lib_2"
      },
      "locked": {
        "lastModified": 1759362264,
        "narHash": "sha256-wfG0S7pltlYyZTM+qqlhJ7GMw2fTF4mLKCIVhLii/4M=",
        "owner": "hercules-ci",
        "repo": "flake-parts",
        "rev": "758cf7296bee11f1706a574c77d072b8a7baa881",
        "type": "github"
      },
      "original": {
        "owner": "hercules-ci",
        "repo": "flake-parts",
        "type": "github"
      }
    },
    "flake-parts_3": {
      "inputs": {
        "nixpkgs-lib": "nixpkgs-lib_3"
      },
      "locked": {
        "lastModified": 1759362264,
        "narHash": "sha256-wfG0S7pltlYyZTM+qqlhJ7GMw2fTF4mLKCIVhLii/4M=",
        "owner": "hercules-ci",
        "repo": "flake-parts",
        "rev": "758cf7296bee11f1706a574c77d072b8a7baa881",
        "type": "github"
      },
      "original": {
        "owner": "hercules-ci",
        "repo": "flake-parts",
        "type": "github"
      }
    },
    "flake-parts_4": {
      "inputs": {
        "nixpkgs-lib": "nixpkgs-lib_4"
      },
      "locked": {
        "lastModified": 1759362264,
        "narHash": "sha256-wfG0S7pltlYyZTM+qqlhJ7GMw2fTF4mLKCIVhLii/4M=",
        "owner": "hercules-ci",
        "repo": "flake-parts",
        "rev": "758cf7296bee11f1706a574c77d072b8a7baa881",
        "type": "github"
      },
      "original": {
        "owner": "hercules-ci",
        "repo": "flake-parts",
        "type": "github"
      }
    },
    "flake-parts_5": {
      "inputs": {
        "nixpkgs-lib": "nixpkgs-lib_5"
      },
      "locked": {
        "lastModified": 1759362264,
        "narHash": "sha256-wfG0S7pltlYyZTM+qqlhJ7GMw2fTF4mLKCIVhLii/4M=",
        "owner": "hercules-ci",
        "repo": "flake-parts",
        "rev": "758cf7296bee11f1706a574c77d072b8a7baa881",
        "type": "github"
      },
      "original": {
        "owner": "hercules-ci",
        "repo": "flake-parts",
        "type": "github"
      }
    },
    "flake-parts_6": {
      "inputs": {
        "nixpkgs-lib": "nixpkgs-lib_6"
      },
      "locked": {
        "lastModified": 1759362264,
        "narHash": "sha256-wfG0S7pltlYyZTM+qqlhJ7GMw2fTF4mLKCIVhLii/4M=",
        "owner": "hercules-ci",
        "repo": "flake-parts",
        "rev": "758cf7296bee11f1706a574c77d072b8a7baa881",
        "type": "github"
      },
      "original": {
        "owner": "hercules-ci",
        "repo": "flake-parts",
        "type": "github"
      }
    },
    "flake-parts_7": {
      "inputs": {
        "nixpkgs-lib": "nixpkgs-lib_7"
      },
      "locked": {
        "lastModified": 1759362264,
        "narHash": "sha256-wfG0S7pltlYyZTM+qqlhJ7GMw2fTF4mLKCIVhLii/4M=",
        "owner": "hercules-ci",
        "repo": "flake-parts",
        "rev": "758cf7296bee11f1706a574c77d072b8a7baa881",
        "type": "github"
      },
      "original": {
        "owner": "hercules-ci",
        "repo": "flake-parts",
        "type": "github"
      }
    },
    "flake-parts_8": {
      "inputs": {
        "nixpkgs-lib": "nixpkgs-lib_8"
      },
      "locked": {
        "lastModified": 1749398372,
        "narHash": "sha256-tYBdgS56eXYaWVW3fsnPQ/nFlgWi/Z2Ymhyu21zVM98=",
        "owner": "hercules-ci",
        "repo": "flake-parts",
        "rev": "9305fe4e5c2a6fcf5ba6a3ff155720fbe4076569",
        "type": "github"
      },
      "original": {
        "owner": "hercules-ci",
        "repo": "flake-parts",
        "type": "github"
      }
    },
    "flake-parts_9": {
      "inputs": {
        "nixpkgs-lib": "nixpkgs-lib_9"
      },
      "locked": {
        "lastModified": 1743550720,
        "narHash": "sha256-hIshGgKZCgWh6AYJpJmRgFdR3WUbkY04o82X05xqQiY=",
        "owner": "hercules-ci",
        "repo": "flake-parts",
        "rev": "c621e8422220273271f52058f618c94e405bb0f5",
        "type": "github"
      },
      "original": {
        "owner": "hercules-ci",
        "repo": "flake-parts",
        "type": "github"
      }
    },
    "flake-utils": {
      "locked": {
        "lastModified": 1644229661,
        "narHash": "sha256-1YdnJAsNy69bpcjuoKdOYQX0YxZBiCYZo4Twxerqv7k=",
        "owner": "numtide",
        "repo": "flake-utils",
        "rev": "3cecb5b042f7f209c56ffd8371b2711a290ec797",
        "type": "github"
      },
      "original": {
        "owner": "numtide",
        "repo": "flake-utils",
        "type": "github"
      }
    },
    "get-flake": {
      "inputs": {
        "flake-compat": "flake-compat"
      },
      "locked": {
        "lastModified": 1745945175,
        "narHash": "sha256-JGDbJRl5v1snA4JX+yp6m3UA6Mazr59Hrgz+UhhP91M=",
        "owner": "ursi",
        "repo": "get-flake",
        "rev": "38401aa2b3a99c77d0c02727471e99e7de2fc366",
        "type": "github"
      },
      "original": {
        "owner": "ursi",
        "repo": "get-flake",
        "type": "github"
      }
    },
    "ghc-common-hadrian": {
      "locked": {
        "lastModified": 1746024958,
        "narHash": "sha256-PEXn+NkJ9oHFJGDSN5BnotO6d8ZCpI/mbPO3FSpFhjI=",
        "ref": "refs/tags/0.4.1",
        "rev": "e38588d416c3a68c6cc3eac2c13b9de4262d6c7e",
        "revCount": 15,
        "type": "git",
        "url": "https://gitlab.horizon-haskell.net/nix/ghc-common-hadrian"
      },
      "original": {
        "ref": "refs/tags/0.4.1",
        "type": "git",
        "url": "https://gitlab.horizon-haskell.net/nix/ghc-common-hadrian"
      }
    },
    "gitignore": {
      "inputs": {
        "nixpkgs": [
          "hydra-coding-standards",
          "weeder-part",
          "weeder-nix",
          "pre-commit-hooks",
          "nixpkgs"
        ]
      },
      "locked": {
        "lastModified": 1709087332,
        "narHash": "sha256-HG2cCnktfHsKV0s4XW83gU3F57gaTljL9KNSuG6bnQs=",
        "owner": "hercules-ci",
        "repo": "gitignore.nix",
        "rev": "637db329424fd7e46cf4185293b9cc8c88c95394",
        "type": "github"
      },
      "original": {
        "owner": "hercules-ci",
        "repo": "gitignore.nix",
        "type": "github"
      }
    },
    "gitlab-omnix-ci": {
      "locked": {
        "lastModified": 1745346541,
        "narHash": "sha256-jaw3N6NEDBWa2FEBk5OaL3ti3xRT4/aAtWLtGDlTQCk=",
        "ref": "refs/tags/0.3.0",
        "rev": "9085f56a7b3a73b7341c551d44b6117988ac5792",
        "revCount": 19,
        "type": "git",
        "url": "https://gitlab.horizon-haskell.net/nix/gitlab-omnix-ci"
      },
      "original": {
        "ref": "refs/tags/0.3.0",
        "type": "git",
        "url": "https://gitlab.horizon-haskell.net/nix/gitlab-omnix-ci"
      }
    },
    "haskell-make-package-set": {
      "locked": {
        "lastModified": 1746113440,
        "narHash": "sha256-rP0YO7m9ZmYV5T8QEWGt7ifx9OfWJlBeyBvd/SYT3eI=",
        "ref": "refs/tags/0.1.0",
        "rev": "4221feeca1175f1069f29826eeb860be0bc72f41",
        "revCount": 1,
        "type": "git",
        "url": "https://gitlab.horizon-haskell.net/nix/haskell-make-package-set"
      },
      "original": {
        "ref": "refs/tags/0.1.0",
        "type": "git",
        "url": "https://gitlab.horizon-haskell.net/nix/haskell-make-package-set"
      }
    },
    "horizon": {
      "inputs": {
        "flake-parts": "flake-parts_2",
        "horizon-hoogle": "horizon-hoogle",
        "horizon-plutus": "horizon-plutus",
        "iohk-nix": "iohk-nix_2",
        "nixpkgs": "nixpkgs_8"
      },
      "locked": {
        "lastModified": 1760113994,
        "narHash": "sha256-WxOrbVicukYOVSvAZeN1o+dINvICv4eXGdsmyPuwKHk=",
        "ref": "refs/heads/master",
        "rev": "29b34a69cd4d6b73dbf4f40f05f63337b40f8877",
        "revCount": 83,
        "type": "git",
        "url": "https://gitlab.horizon-haskell.net/package-sets/horizon-cardano"
      },
      "original": {
        "type": "git",
        "url": "https://gitlab.horizon-haskell.net/package-sets/horizon-cardano"
      }
    },
    "horizon-advance": {
      "inputs": {
        "flake-parts": "flake-parts_4",
        "horizon-core": "horizon-core",
        "nixpkgs": "nixpkgs_4"
      },
      "locked": {
        "lastModified": 1760012602,
        "narHash": "sha256-iHrXt28DmL8EI2QtvI4xFILD+T5rmlt9ik+uBevd63A=",
        "ref": "lts/ghc-9.6.x",
        "rev": "7c1481ee445dbdfe8731bc7baaad0b9f5eb6c746",
        "revCount": 178,
        "type": "git",
        "url": "https://gitlab.horizon-haskell.net/package-sets/horizon-advance"
      },
      "original": {
        "ref": "lts/ghc-9.6.x",
        "type": "git",
        "url": "https://gitlab.horizon-haskell.net/package-sets/horizon-advance"
      }
    },
    "horizon-build-packages": {
      "inputs": {
        "flake-parts": "flake-parts_6",
        "horizon-ghc": "horizon-ghc",
        "nixpkgs": "nixpkgs_2"
      },
      "locked": {
        "lastModified": 1759928612,
        "narHash": "sha256-dhcr9AsTjxCFtlqodRfjtU5hu4E6Kn/WbK9M2/Yc4O8=",
        "ref": "lts/ghc-9.6.x",
        "rev": "d133d954ff8b7491f39661d28b80faa137103a2a",
        "revCount": 58,
        "type": "git",
        "url": "https://gitlab.horizon-haskell.net/package-sets/horizon-build-packages"
      },
      "original": {
        "ref": "lts/ghc-9.6.x",
        "type": "git",
        "url": "https://gitlab.horizon-haskell.net/package-sets/horizon-build-packages"
      }
    },
    "horizon-core": {
      "inputs": {
        "flake-parts": "flake-parts_5",
        "horizon-build-packages": "horizon-build-packages",
        "nixpkgs": "nixpkgs_3"
      },
      "locked": {
        "lastModified": 1760007376,
        "narHash": "sha256-48HprFOEHtL449XmTAPTCXNjS6uHmnRjy381RAaki5k=",
        "ref": "lts/ghc-9.6.x",
        "rev": "b112068b1b06f3956fd376e96aafc384a7562fbb",
        "revCount": 1268,
        "type": "git",
        "url": "https://gitlab.horizon-haskell.net/package-sets/horizon-core"
      },
      "original": {
        "ref": "lts/ghc-9.6.x",
        "type": "git",
        "url": "https://gitlab.horizon-haskell.net/package-sets/horizon-core"
      }
    },
    "horizon-flake-parts": {
      "inputs": {
        "flake-parts": "flake-parts_7",
        "get-flake": "get-flake",
        "ghc-common-hadrian": "ghc-common-hadrian",
        "haskell-make-package-set": "haskell-make-package-set",
        "horizon-gitlab-omnix-ci": "horizon-gitlab-omnix-ci",
        "horizon-supported-systems": "horizon-supported-systems",
        "import-tree": "import-tree",
        "nixpkgs": "nixpkgs"
      },
      "locked": {
        "lastModified": 1759924467,
        "narHash": "sha256-V2uxrD7ltD4xakUm5HltgEYE41VsN5cnnsgPPVyNgZ0=",
        "ref": "refs/tags/0.7.1",
        "rev": "bc06d22a0a9f5cd5202080d70e45ec43142ecb8a",
        "revCount": 40,
        "type": "git",
        "url": "http://gitlab.horizon-haskell.net/nix/horizon-flake-parts"
      },
      "original": {
        "ref": "refs/tags/0.7.1",
        "type": "git",
        "url": "http://gitlab.horizon-haskell.net/nix/horizon-flake-parts"
      }
    },
    "horizon-ghc": {
      "inputs": {
        "horizon-flake-parts": "horizon-flake-parts",
        "nixpkgs": [
          "horizon",
          "horizon-plutus",
          "horizon-advance",
          "horizon-core",
          "horizon-build-packages",
          "horizon-ghc",
          "horizon-flake-parts",
          "nixpkgs"
        ]
      },
      "locked": {
        "lastModified": 1759927921,
        "narHash": "sha256-BHspYW7N/IZE+t5M9YxMxliLvjqCTsReM7/DpOnNY9E=",
        "ref": "lts/ghc-9.6.x",
        "rev": "f73889a43dbdbf9a2417cdad846e4b95d10c89a9",
        "revCount": 113,
        "type": "git",
        "url": "https://gitlab.horizon-haskell.net/ghc/horizon-ghc"
      },
      "original": {
        "ref": "lts/ghc-9.6.x",
        "type": "git",
        "url": "https://gitlab.horizon-haskell.net/ghc/horizon-ghc"
      }
    },
    "horizon-gitlab-omnix-ci": {
      "inputs": {
        "gitlab-omnix-ci": "gitlab-omnix-ci"
      },
      "locked": {
        "lastModified": 1745347260,
        "narHash": "sha256-TxI+c8Q5+MwzNRypVHCH0pEh3gnlAkakwjXPyD3AkRQ=",
        "ref": "refs/tags/0.2.0",
        "rev": "da19c3c996054afaf14b0d13c009fc2e4d701c01",
        "revCount": 15,
        "type": "git",
        "url": "https://gitlab.horizon-haskell.net/nix/horizon-gitlab-omnix-ci"
      },
      "original": {
        "ref": "refs/tags/0.2.0",
        "type": "git",
        "url": "https://gitlab.horizon-haskell.net/nix/horizon-gitlab-omnix-ci"
      }
    },
    "horizon-hoogle": {
      "locked": {
        "lastModified": 1701521742,
        "narHash": "sha256-huf/95jYL7mY0AHSziJYXx4m/sP+G+YAbJb+Q5Ph/Jg=",
        "ref": "refs/heads/master",
        "rev": "ddf3b08c6458c1a9e0d881f968c050bc828b9b8e",
        "revCount": 2,
        "type": "git",
        "url": "https://gitlab.horizon-haskell.net/nix/horizon-hoogle"
      },
      "original": {
        "type": "git",
        "url": "https://gitlab.horizon-haskell.net/nix/horizon-hoogle"
      }
    },
    "horizon-hoogle_2": {
      "locked": {
        "lastModified": 1701521742,
        "narHash": "sha256-huf/95jYL7mY0AHSziJYXx4m/sP+G+YAbJb+Q5Ph/Jg=",
        "ref": "refs/heads/master",
        "rev": "ddf3b08c6458c1a9e0d881f968c050bc828b9b8e",
        "revCount": 2,
        "type": "git",
        "url": "https://gitlab.horizon-haskell.net/nix/horizon-hoogle"
      },
      "original": {
        "type": "git",
        "url": "https://gitlab.horizon-haskell.net/nix/horizon-hoogle"
      }
    },
    "horizon-plutus": {
      "inputs": {
        "flake-parts": "flake-parts_3",
        "horizon-advance": "horizon-advance",
        "horizon-hoogle": "horizon-hoogle_2",
        "iohk-nix": "iohk-nix",
        "nixpkgs": "nixpkgs_6",
        "nixpkgs-libR": "nixpkgs-libR"
      },
      "locked": {
        "lastModified": 1760017330,
        "narHash": "sha256-mtStMNwb3xPy61e0ThOXBh++rrM+DS7WNg/phDmGbfQ=",
        "ref": "refs/heads/master",
        "rev": "f276a5a4947cc247ed8110d8f325a79f809f9020",
        "revCount": 503,
        "type": "git",
        "url": "https://gitlab.horizon-haskell.net/package-sets/horizon-plutus"
      },
      "original": {
        "type": "git",
        "url": "https://gitlab.horizon-haskell.net/package-sets/horizon-plutus"
      }
    },
    "horizon-supported-systems": {
      "locked": {
        "lastModified": 1745245930,
        "narHash": "sha256-WRm/DYCqIRPY5lL/FMn9VsgB6bRY1mKSl/C7Pdu7wig=",
        "ref": "refs/tags/1.0.0",
        "rev": "c82b9cfcb6afc93616863f1cfe4b009406b03765",
        "revCount": 4,
        "type": "git",
        "url": "https://gitlab.horizon-haskell.net/nix/horizon-supported-systems"
      },
      "original": {
        "ref": "refs/tags/1.0.0",
        "type": "git",
        "url": "https://gitlab.horizon-haskell.net/nix/horizon-supported-systems"
      }
    },
    "hydra-coding-standards": {
      "inputs": {
        "flake-parts": "flake-parts_8",
        "import-tree": "import-tree_2",
        "lint-utils": "lint-utils",
        "nixpkgs": "nixpkgs_9",
        "treefmt-nix": "treefmt-nix",
        "weeder-part": "weeder-part",
        "werrorwolf": "werrorwolf"
      },
      "locked": {
        "lastModified": 1750411059,
        "narHash": "sha256-RiWDyFY3twXHmb+aHwqTuxScW7caFLm9jh4c5Jae9vw=",
        "owner": "cardano-scaling",
        "repo": "hydra-coding-standards",
        "rev": "da05b325d0d6d79f4e68d27ec07ac4f917e7e36f",
        "type": "github"
      },
      "original": {
        "owner": "cardano-scaling",
        "ref": "0.7.0",
        "repo": "hydra-coding-standards",
        "type": "github"
      }
    },
    "import-tree": {
      "locked": {
        "lastModified": 1752730890,
        "narHash": "sha256-GES8fapSLGz36MMPRVNkSUWXUTtqvGQNXHjRmRLfJUY=",
        "owner": "vic",
        "repo": "import-tree",
        "rev": "6ebb8cb87987b20264c09296166543fd3761d274",
        "type": "github"
      },
      "original": {
        "owner": "vic",
        "repo": "import-tree",
        "type": "github"
      }
    },
    "import-tree_2": {
      "locked": {
        "lastModified": 1745565707,
        "narHash": "sha256-ccFeWWQ9RLgCd1k+xwV/ASUkJ7AGTTaGDhlRWZgytxY=",
        "owner": "vic",
        "repo": "import-tree",
        "rev": "ed504db425c363b13f13d5ca52f1a2600c4a7703",
        "type": "github"
      },
      "original": {
        "owner": "vic",
        "repo": "import-tree",
        "type": "github"
      }
    },
    "import-tree_3": {
      "locked": {
        "lastModified": 1745565707,
        "narHash": "sha256-ccFeWWQ9RLgCd1k+xwV/ASUkJ7AGTTaGDhlRWZgytxY=",
        "owner": "vic",
        "repo": "import-tree",
        "rev": "ed504db425c363b13f13d5ca52f1a2600c4a7703",
        "type": "github"
      },
      "original": {
        "owner": "vic",
        "repo": "import-tree",
        "type": "github"
      }
    },
    "import-tree_4": {
      "locked": {
        "lastModified": 1745565707,
        "narHash": "sha256-ccFeWWQ9RLgCd1k+xwV/ASUkJ7AGTTaGDhlRWZgytxY=",
        "owner": "vic",
        "repo": "import-tree",
        "rev": "ed504db425c363b13f13d5ca52f1a2600c4a7703",
        "type": "github"
      },
      "original": {
        "owner": "vic",
        "repo": "import-tree",
        "type": "github"
      }
    },
    "import-tree_5": {
      "locked": {
        "lastModified": 1752730890,
        "narHash": "sha256-GES8fapSLGz36MMPRVNkSUWXUTtqvGQNXHjRmRLfJUY=",
        "owner": "vic",
        "repo": "import-tree",
        "rev": "6ebb8cb87987b20264c09296166543fd3761d274",
        "type": "github"
      },
      "original": {
        "owner": "vic",
        "repo": "import-tree",
        "type": "github"
      }
    },
    "iohk-nix": {
      "inputs": {
        "blst": "blst",
        "nixpkgs": "nixpkgs_5",
        "secp256k1": "secp256k1",
        "sodium": "sodium"
      },
      "locked": {
        "lastModified": 1757407040,
        "narHash": "sha256-rSHOQli+iffMmneSF/Ov8Uci6APaROWen+EfRb5mmiU=",
        "owner": "input-output-hk",
        "repo": "iohk-nix",
        "rev": "a94259528eb6d37073512d1767f14fd8ea12a8f0",
        "type": "github"
      },
      "original": {
        "owner": "input-output-hk",
        "repo": "iohk-nix",
        "type": "github"
      }
    },
    "iohk-nix_2": {
      "inputs": {
        "blst": "blst_2",
        "nixpkgs": "nixpkgs_7",
        "secp256k1": "secp256k1_2",
        "sodium": "sodium_2"
      },
      "locked": {
        "lastModified": 1757407040,
        "narHash": "sha256-rSHOQli+iffMmneSF/Ov8Uci6APaROWen+EfRb5mmiU=",
        "owner": "input-output-hk",
        "repo": "iohk-nix",
        "rev": "a94259528eb6d37073512d1767f14fd8ea12a8f0",
        "type": "github"
      },
      "original": {
        "owner": "input-output-hk",
        "repo": "iohk-nix",
        "type": "github"
      }
    },
    "lint-utils": {
      "inputs": {
        "flake-utils": "flake-utils",
        "nixpkgs": [
          "hydra-coding-standards",
          "nixpkgs"
        ]
      },
      "locked": {
        "lastModified": 1745917180,
        "narHash": "sha256-PPo7GwCwhENsX5NuxiEdxmy++OoxUpxV+fOpTGaWYoM=",
        "owner": "homotopic",
        "repo": "lint-utils",
        "rev": "62c2fa87ba9620e2d5470d957827175c6e1c128f",
        "type": "github"
      },
      "original": {
        "owner": "homotopic",
        "repo": "lint-utils",
        "type": "github"
      }
    },
    "nixpkgs": {
      "locked": {
        "lastModified": 1759735786,
        "narHash": "sha256-a0+h02lyP2KwSNrZz4wLJTu9ikujNsTWIC874Bv7IJ0=",
        "owner": "NixOS",
        "repo": "nixpkgs",
        "rev": "20c4598c84a671783f741e02bf05cbfaf4907cff",
        "type": "github"
      },
      "original": {
        "owner": "NixOS",
        "ref": "nixos-25.05",
        "repo": "nixpkgs",
        "type": "github"
      }
    },
    "nixpkgs-lib": {
      "locked": {
        "lastModified": 1754788789,
        "narHash": "sha256-x2rJ+Ovzq0sCMpgfgGaaqgBSwY+LST+WbZ6TytnT9Rk=",
        "owner": "nix-community",
        "repo": "nixpkgs.lib",
        "rev": "a73b9c743612e4244d865a2fdee11865283c04e6",
        "type": "github"
      },
      "original": {
        "owner": "nix-community",
        "repo": "nixpkgs.lib",
        "type": "github"
      }
    },
    "nixpkgs-libR": {
      "locked": {
        "lastModified": 1650935992,
        "narHash": "sha256-+3aqnX2lSi2XVTEXFu6mrnGL/czDxiwRmXP5xPp9i3U=",
        "owner": "nixos",
        "repo": "nixpkgs",
        "rev": "602748c14b82a2e17078713686fe1df2824fa502",
        "type": "github"
      },
      "original": {
        "owner": "nixos",
        "repo": "nixpkgs",
        "rev": "602748c14b82a2e17078713686fe1df2824fa502",
        "type": "github"
      }
    },
    "nixpkgs-lib_10": {
      "locked": {
        "lastModified": 1743296961,
        "narHash": "sha256-b1EdN3cULCqtorQ4QeWgLMrd5ZGOjLSLemfa00heasc=",
        "owner": "nix-community",
        "repo": "nixpkgs.lib",
        "rev": "e4822aea2a6d1cdd36653c134cacfd64c97ff4fa",
        "type": "github"
      },
      "original": {
        "owner": "nix-community",
        "repo": "nixpkgs.lib",
        "type": "github"
      }
    },
    "nixpkgs-lib_2": {
      "locked": {
        "lastModified": 1754788789,
        "narHash": "sha256-x2rJ+Ovzq0sCMpgfgGaaqgBSwY+LST+WbZ6TytnT9Rk=",
        "owner": "nix-community",
        "repo": "nixpkgs.lib",
        "rev": "a73b9c743612e4244d865a2fdee11865283c04e6",
        "type": "github"
      },
      "original": {
        "owner": "nix-community",
        "repo": "nixpkgs.lib",
        "type": "github"
      }
    },
    "nixpkgs-lib_3": {
      "locked": {
        "lastModified": 1754788789,
        "narHash": "sha256-x2rJ+Ovzq0sCMpgfgGaaqgBSwY+LST+WbZ6TytnT9Rk=",
        "owner": "nix-community",
        "repo": "nixpkgs.lib",
        "rev": "a73b9c743612e4244d865a2fdee11865283c04e6",
        "type": "github"
      },
      "original": {
        "owner": "nix-community",
        "repo": "nixpkgs.lib",
        "type": "github"
      }
    },
    "nixpkgs-lib_4": {
      "locked": {
        "lastModified": 1754788789,
        "narHash": "sha256-x2rJ+Ovzq0sCMpgfgGaaqgBSwY+LST+WbZ6TytnT9Rk=",
        "owner": "nix-community",
        "repo": "nixpkgs.lib",
        "rev": "a73b9c743612e4244d865a2fdee11865283c04e6",
        "type": "github"
      },
      "original": {
        "owner": "nix-community",
        "repo": "nixpkgs.lib",
        "type": "github"
      }
    },
    "nixpkgs-lib_5": {
      "locked": {
        "lastModified": 1754788789,
        "narHash": "sha256-x2rJ+Ovzq0sCMpgfgGaaqgBSwY+LST+WbZ6TytnT9Rk=",
        "owner": "nix-community",
        "repo": "nixpkgs.lib",
        "rev": "a73b9c743612e4244d865a2fdee11865283c04e6",
        "type": "github"
      },
      "original": {
        "owner": "nix-community",
        "repo": "nixpkgs.lib",
        "type": "github"
      }
    },
    "nixpkgs-lib_6": {
      "locked": {
        "lastModified": 1754788789,
        "narHash": "sha256-x2rJ+Ovzq0sCMpgfgGaaqgBSwY+LST+WbZ6TytnT9Rk=",
        "owner": "nix-community",
        "repo": "nixpkgs.lib",
        "rev": "a73b9c743612e4244d865a2fdee11865283c04e6",
        "type": "github"
      },
      "original": {
        "owner": "nix-community",
        "repo": "nixpkgs.lib",
        "type": "github"
      }
    },
    "nixpkgs-lib_7": {
      "locked": {
        "lastModified": 1754788789,
        "narHash": "sha256-x2rJ+Ovzq0sCMpgfgGaaqgBSwY+LST+WbZ6TytnT9Rk=",
        "owner": "nix-community",
        "repo": "nixpkgs.lib",
        "rev": "a73b9c743612e4244d865a2fdee11865283c04e6",
        "type": "github"
      },
      "original": {
        "owner": "nix-community",
        "repo": "nixpkgs.lib",
        "type": "github"
      }
    },
    "nixpkgs-lib_8": {
      "locked": {
        "lastModified": 1748740939,
        "narHash": "sha256-rQaysilft1aVMwF14xIdGS3sj1yHlI6oKQNBRTF40cc=",
        "owner": "nix-community",
        "repo": "nixpkgs.lib",
        "rev": "656a64127e9d791a334452c6b6606d17539476e2",
        "type": "github"
      },
      "original": {
        "owner": "nix-community",
        "repo": "nixpkgs.lib",
        "type": "github"
      }
    },
    "nixpkgs-lib_9": {
      "locked": {
        "lastModified": 1743296961,
        "narHash": "sha256-b1EdN3cULCqtorQ4QeWgLMrd5ZGOjLSLemfa00heasc=",
        "owner": "nix-community",
        "repo": "nixpkgs.lib",
        "rev": "e4822aea2a6d1cdd36653c134cacfd64c97ff4fa",
        "type": "github"
      },
      "original": {
        "owner": "nix-community",
        "repo": "nixpkgs.lib",
        "type": "github"
      }
    },
    "nixpkgs_10": {
      "locked": {
        "lastModified": 1747958103,
        "narHash": "sha256-qmmFCrfBwSHoWw7cVK4Aj+fns+c54EBP8cGqp/yK410=",
        "owner": "nixos",
        "repo": "nixpkgs",
        "rev": "fe51d34885f7b5e3e7b59572796e1bcb427eccb1",
        "type": "github"
      },
      "original": {
        "owner": "nixos",
        "ref": "nixpkgs-unstable",
        "repo": "nixpkgs",
        "type": "github"
      }
    },
    "nixpkgs_11": {
      "locked": {
        "lastModified": 1748026580,
        "narHash": "sha256-rWtXrcIzU5wm/C8F9LWvUfBGu5U5E7cFzPYT1pHIJaQ=",
        "owner": "NixOS",
        "repo": "nixpkgs",
        "rev": "11cb3517b3af6af300dd6c055aeda73c9bf52c48",
        "type": "github"
      },
      "original": {
        "owner": "NixOS",
        "ref": "25.05",
        "repo": "nixpkgs",
        "type": "github"
      }
    },
    "nixpkgs_12": {
      "locked": {
        "lastModified": 1748162331,
        "narHash": "sha256-rqc2RKYTxP3tbjA+PB3VMRQNnjesrT0pEofXQTrMsS8=",
        "owner": "NixOS",
        "repo": "nixpkgs",
        "rev": "7c43f080a7f28b2774f3b3f43234ca11661bf334",
        "type": "github"
      },
      "original": {
        "owner": "NixOS",
        "ref": "nixos-25.05",
        "repo": "nixpkgs",
        "type": "github"
      }
    },
    "nixpkgs_13": {
      "locked": {
        "lastModified": 1730768919,
        "narHash": "sha256-8AKquNnnSaJRXZxc5YmF/WfmxiHX6MMZZasRP6RRQkE=",
        "owner": "NixOS",
        "repo": "nixpkgs",
        "rev": "a04d33c0c3f1a59a2c1cb0c6e34cd24500e5a1dc",
        "type": "github"
      },
      "original": {
        "owner": "NixOS",
        "ref": "nixpkgs-unstable",
        "repo": "nixpkgs",
        "type": "github"
      }
    },
    "nixpkgs_14": {
      "locked": {
        "lastModified": 1748446472,
        "narHash": "sha256-LO2FxYlnJPWfW4HuMrirwo1AkZW4h8+T/mI4YsDsboU=",
        "owner": "NixOS",
        "repo": "nixpkgs",
        "rev": "e6d93a6bd891248db31a47e158c3106c4b330ad8",
        "type": "github"
      },
      "original": {
        "owner": "NixOS",
        "repo": "nixpkgs",
        "type": "github"
      }
    },
    "nixpkgs_15": {
      "locked": {
        "lastModified": 1747958103,
        "narHash": "sha256-qmmFCrfBwSHoWw7cVK4Aj+fns+c54EBP8cGqp/yK410=",
        "owner": "nixos",
        "repo": "nixpkgs",
        "rev": "fe51d34885f7b5e3e7b59572796e1bcb427eccb1",
        "type": "github"
      },
      "original": {
        "owner": "nixos",
        "ref": "nixpkgs-unstable",
        "repo": "nixpkgs",
        "type": "github"
      }
    },
    "nixpkgs_2": {
      "locked": {
        "lastModified": 1759831965,
        "narHash": "sha256-vgPm2xjOmKdZ0xKA6yLXPJpjOtQPHfaZDRtH+47XEBo=",
        "owner": "nixos",
        "repo": "nixpkgs",
        "rev": "c9b6fb798541223bbb396d287d16f43520250518",
        "type": "github"
      },
      "original": {
        "owner": "nixos",
        "ref": "nixos-unstable",
        "repo": "nixpkgs",
        "type": "github"
      }
    },
    "nixpkgs_3": {
      "locked": {
        "lastModified": 1759919668,
        "narHash": "sha256-V3ODOgG4CP1IKvlXnlEA6fdycNwpS/CA1TYCUKYo9G0=",
        "owner": "nixos",
        "repo": "nixpkgs",
        "rev": "054e2d254162b5ee0f82299ff7557cb46a0aedcc",
        "type": "github"
      },
      "original": {
        "owner": "nixos",
        "ref": "haskell-updates",
        "repo": "nixpkgs",
        "type": "github"
      }
    },
    "nixpkgs_4": {
      "locked": {
        "lastModified": 1759831965,
        "narHash": "sha256-vgPm2xjOmKdZ0xKA6yLXPJpjOtQPHfaZDRtH+47XEBo=",
        "owner": "nixos",
        "repo": "nixpkgs",
        "rev": "c9b6fb798541223bbb396d287d16f43520250518",
        "type": "github"
      },
      "original": {
        "owner": "nixos",
        "ref": "nixos-unstable",
        "repo": "nixpkgs",
        "type": "github"
      }
    },
    "nixpkgs_5": {
      "locked": {
        "lastModified": 1751071626,
        "narHash": "sha256-/uHE/AD2qGq4QLigWAnBHiVvpVXB04XAfrOtw8JMv+Y=",
        "owner": "nixos",
        "repo": "nixpkgs",
        "rev": "a47938d89bdf8e279ad432bd6a473cf4c430f48c",
        "type": "github"
      },
      "original": {
        "owner": "nixos",
        "ref": "release-25.05",
        "repo": "nixpkgs",
        "type": "github"
      }
    },
    "nixpkgs_6": {
      "locked": {
        "lastModified": 1759831965,
        "narHash": "sha256-vgPm2xjOmKdZ0xKA6yLXPJpjOtQPHfaZDRtH+47XEBo=",
        "owner": "nixos",
        "repo": "nixpkgs",
        "rev": "c9b6fb798541223bbb396d287d16f43520250518",
        "type": "github"
      },
      "original": {
        "owner": "nixos",
        "ref": "nixos-unstable",
        "repo": "nixpkgs",
        "type": "github"
      }
    },
    "nixpkgs_7": {
      "locked": {
        "lastModified": 1751071626,
        "narHash": "sha256-/uHE/AD2qGq4QLigWAnBHiVvpVXB04XAfrOtw8JMv+Y=",
        "owner": "nixos",
        "repo": "nixpkgs",
        "rev": "a47938d89bdf8e279ad432bd6a473cf4c430f48c",
        "type": "github"
      },
      "original": {
        "owner": "nixos",
        "ref": "release-25.05",
        "repo": "nixpkgs",
        "type": "github"
      }
    },
    "nixpkgs_8": {
      "locked": {
        "lastModified": 1759977445,
        "narHash": "sha256-LYr4IDfuihCkFAkSYz5//gT2r1ewcWBYgd5AxPzPLIo=",
        "owner": "nixos",
        "repo": "nixpkgs",
        "rev": "2dad7af78a183b6c486702c18af8a9544f298377",
        "type": "github"
      },
      "original": {
        "owner": "nixos",
        "ref": "nixpkgs-unstable",
        "repo": "nixpkgs",
        "type": "github"
      }
    },
    "nixpkgs_9": {
      "locked": {
        "lastModified": 1749494155,
        "narHash": "sha256-FG4DEYBpROupu758beabUk9lhrblSf5hnv84v1TLqMc=",
        "owner": "NixOS",
        "repo": "nixpkgs",
        "rev": "88331c17ba434359491e8d5889cce872464052c2",
        "type": "github"
      },
      "original": {
        "owner": "NixOS",
        "ref": "nixos-25.05",
        "repo": "nixpkgs",
        "type": "github"
      }
    },
    "pre-commit-hooks": {
      "inputs": {
        "flake-compat": "flake-compat_2",
        "gitignore": "gitignore",
        "nixpkgs": "nixpkgs_13"
      },
      "locked": {
        "lastModified": 1747372754,
        "narHash": "sha256-2Y53NGIX2vxfie1rOW0Qb86vjRZ7ngizoo+bnXU9D9k=",
        "owner": "cachix",
        "repo": "pre-commit-hooks.nix",
        "rev": "80479b6ec16fefd9c1db3ea13aeb038c60530f46",
        "type": "github"
      },
      "original": {
        "owner": "cachix",
        "repo": "pre-commit-hooks.nix",
        "type": "github"
      }
    },
    "root": {
      "inputs": {
        "flake-parts": "flake-parts",
        "horizon": "horizon",
        "hydra-coding-standards": "hydra-coding-standards",
        "import-tree": "import-tree_5",
        "nixpkgs": [
          "horizon",
          "nixpkgs"
        ]
      }
    },
    "secp256k1": {
      "flake": false,
      "locked": {
        "lastModified": 1683999695,
        "narHash": "sha256-9nJJVENMXjXEJZzw8DHzin1DkFkF8h9m/c6PuM7Uk4s=",
        "owner": "bitcoin-core",
        "repo": "secp256k1",
        "rev": "acf5c55ae6a94e5ca847e07def40427547876101",
        "type": "github"
      },
      "original": {
        "owner": "bitcoin-core",
        "ref": "v0.3.2",
        "repo": "secp256k1",
        "type": "github"
      }
    },
    "secp256k1_2": {
      "flake": false,
      "locked": {
        "lastModified": 1683999695,
        "narHash": "sha256-9nJJVENMXjXEJZzw8DHzin1DkFkF8h9m/c6PuM7Uk4s=",
        "owner": "bitcoin-core",
        "repo": "secp256k1",
        "rev": "acf5c55ae6a94e5ca847e07def40427547876101",
        "type": "github"
      },
      "original": {
        "owner": "bitcoin-core",
        "ref": "v0.3.2",
        "repo": "secp256k1",
        "type": "github"
      }
    },
    "sodium": {
      "flake": false,
      "locked": {
        "lastModified": 1675156279,
        "narHash": "sha256-0uRcN5gvMwO7MCXVYnoqG/OmeBFi8qRVnDWJLnBb9+Y=",
        "owner": "input-output-hk",
        "repo": "libsodium",
        "rev": "dbb48cce5429cb6585c9034f002568964f1ce567",
        "type": "github"
      },
      "original": {
        "owner": "input-output-hk",
        "repo": "libsodium",
        "rev": "dbb48cce5429cb6585c9034f002568964f1ce567",
        "type": "github"
      }
    },
    "sodium_2": {
      "flake": false,
      "locked": {
        "lastModified": 1675156279,
        "narHash": "sha256-0uRcN5gvMwO7MCXVYnoqG/OmeBFi8qRVnDWJLnBb9+Y=",
        "owner": "input-output-hk",
        "repo": "libsodium",
        "rev": "dbb48cce5429cb6585c9034f002568964f1ce567",
        "type": "github"
      },
      "original": {
        "owner": "input-output-hk",
        "repo": "libsodium",
        "rev": "dbb48cce5429cb6585c9034f002568964f1ce567",
        "type": "github"
      }
    },
    "treefmt-nix": {
      "inputs": {
        "nixpkgs": "nixpkgs_10"
      },
      "locked": {
        "lastModified": 1749194973,
        "narHash": "sha256-eEy8cuS0mZ2j/r/FE0/LYBSBcIs/MKOIVakwHVuqTfk=",
        "owner": "numtide",
        "repo": "treefmt-nix",
        "rev": "a05be418a1af1198ca0f63facb13c985db4cb3c5",
        "type": "github"
      },
      "original": {
        "owner": "numtide",
        "repo": "treefmt-nix",
        "type": "github"
      }
    },
    "treefmt-nix_2": {
      "inputs": {
        "nixpkgs": "nixpkgs_15"
      },
      "locked": {
        "lastModified": 1748243702,
        "narHash": "sha256-9YzfeN8CB6SzNPyPm2XjRRqSixDopTapaRsnTpXUEY8=",
        "owner": "numtide",
        "repo": "treefmt-nix",
        "rev": "1f3f7b784643d488ba4bf315638b2b0a4c5fb007",
        "type": "github"
      },
      "original": {
        "owner": "numtide",
        "repo": "treefmt-nix",
        "type": "github"
      }
    },
    "weeder-nix": {
      "inputs": {
        "nixpkgs": "nixpkgs_12",
        "pre-commit-hooks": "pre-commit-hooks"
      },
      "locked": {
        "lastModified": 1748252779,
        "narHash": "sha256-kSyD/VDUX2m9c2vcuLBT2wnpYiVSHHlP9vuDTtsAtD8=",
        "owner": "NorfairKing",
        "repo": "weeder-nix",
        "rev": "388df7a6f00220d1960118e1ad37cd86150d2c5a",
        "type": "github"
      },
      "original": {
        "owner": "NorfairKing",
        "repo": "weeder-nix",
        "type": "github"
      }
    },
    "weeder-part": {
      "inputs": {
        "flake-parts": "flake-parts_9",
        "import-tree": "import-tree_3",
        "nixpkgs": "nixpkgs_11",
        "weeder-nix": "weeder-nix"
      },
      "locked": {
        "lastModified": 1748784667,
        "narHash": "sha256-mk1vVw0D7cfcXXl9kDyvzddFnn7/GmRMgZAmuU2aFiM=",
        "owner": "cardano-scaling",
        "repo": "weeder-part",
        "rev": "ec3e40d2d54219a40448896d36ff6fe72a3317c4",
        "type": "github"
      },
      "original": {
        "owner": "cardano-scaling",
        "ref": "0.1.0",
        "repo": "weeder-part",
        "type": "github"
      }
    },
    "werrorwolf": {
      "inputs": {
        "flake-parts": "flake-parts_10",
        "import-tree": "import-tree_4",
        "nixpkgs": "nixpkgs_14",
        "treefmt-nix": "treefmt-nix_2"
      },
      "locked": {
        "lastModified": 1748541837,
        "narHash": "sha256-c7BwQQpbjHh4FdFY+Ly9TzRZgWsY0JBgdGVcURGmHLI=",
        "ref": "refs/tags/0.3.0",
        "rev": "9b388c6f91351e11cbd3f133409c678b6a09cb0e",
        "revCount": 16,
        "type": "git",
        "url": "https://gitlab.horizon-haskell.net/nix/werrorwolf"
      },
      "original": {
        "ref": "refs/tags/0.3.0",
        "type": "git",
        "url": "https://gitlab.horizon-haskell.net/nix/werrorwolf"
      }
    }
  },
  "root": "root",
  "version": 7
}
